// !$*UTF8*$!
{
	archiveVersion = 1;
	classes = {
	};
	objectVersion = 55;
	objects = {

/* Begin PBXBuildFile section */
		6955431E28226CF50020D76A /* ScrumdingerApp.swift in Sources */ = {isa = PBXBuildFile; fileRef = 6955431D28226CF50020D76A /* ScrumdingerApp.swift */; };
		6955432028226CF50020D76A /* MeetingView.swift in Sources */ = {isa = PBXBuildFile; fileRef = 6955431F28226CF50020D76A /* MeetingView.swift */; };
		6955432228226CF70020D76A /* Assets.xcassets in Resources */ = {isa = PBXBuildFile; fileRef = 6955432128226CF70020D76A /* Assets.xcassets */; };
		6955432528226CF70020D76A /* Preview Assets.xcassets in Resources */ = {isa = PBXBuildFile; fileRef = 6955432428226CF70020D76A /* Preview Assets.xcassets */; };
		6955432D282275700020D76A /* Themes.swift in Sources */ = {isa = PBXBuildFile; fileRef = 6955432C282275700020D76A /* Themes.swift */; };
		6955432F2822768B0020D76A /* DailyScrum.swift in Sources */ = {isa = PBXBuildFile; fileRef = 6955432E2822768B0020D76A /* DailyScrum.swift */; };
		695543312822777C0020D76A /* CardView.swift in Sources */ = {isa = PBXBuildFile; fileRef = 695543302822777C0020D76A /* CardView.swift */; };
		6955433328227A7F0020D76A /* TrailingIconLabelStyle.swift in Sources */ = {isa = PBXBuildFile; fileRef = 6955433228227A7F0020D76A /* TrailingIconLabelStyle.swift */; };
		6955433528227FB00020D76A /* ScrumsView.swift in Sources */ = {isa = PBXBuildFile; fileRef = 6955433428227FB00020D76A /* ScrumsView.swift */; };
		6955433728228CEA0020D76A /* DetailView.swift in Sources */ = {isa = PBXBuildFile; fileRef = 6955433628228CEA0020D76A /* DetailView.swift */; };
		6955433928229FD60020D76A /* DetailEditView.swift in Sources */ = {isa = PBXBuildFile; fileRef = 6955433828229FD60020D76A /* DetailEditView.swift */; };
		6955433B2822ABD60020D76A /* ThemeView.swift in Sources */ = {isa = PBXBuildFile; fileRef = 6955433A2822ABD60020D76A /* ThemeView.swift */; };
		6955433D2822AE1A0020D76A /* ThemePicker.swift in Sources */ = {isa = PBXBuildFile; fileRef = 6955433C2822AE1A0020D76A /* ThemePicker.swift */; };
		6955433F282394E20020D76A /* MeetingHeaderView.swift in Sources */ = {isa = PBXBuildFile; fileRef = 6955433E282394E20020D76A /* MeetingHeaderView.swift */; };
		69554341282398F10020D76A /* ScrumProgressViewStyle.swift in Sources */ = {isa = PBXBuildFile; fileRef = 69554340282398F10020D76A /* ScrumProgressViewStyle.swift */; };
		6955434428239BC40020D76A /* ScrumTimer.swift in Sources */ = {isa = PBXBuildFile; fileRef = 6955434328239BC40020D76A /* ScrumTimer.swift */; };
		6955434628239F790020D76A /* MeetingFooterView.swift in Sources */ = {isa = PBXBuildFile; fileRef = 6955434528239F790020D76A /* MeetingFooterView.swift */; };
		695543482823A4DE0020D76A /* AVPlayer+Ding.swift in Sources */ = {isa = PBXBuildFile; fileRef = 695543472823A4DE0020D76A /* AVPlayer+Ding.swift */; };
		6955434B2823A6CE0020D76A /* ding.wav in Resources */ = {isa = PBXBuildFile; fileRef = 6955434A2823A6CE0020D76A /* ding.wav */; };
		6955434D2823AD000020D76A /* History.swift in Sources */ = {isa = PBXBuildFile; fileRef = 6955434C2823AD000020D76A /* History.swift */; };
		6955434F2823C2140020D76A /* ScrumStore.swift in Sources */ = {isa = PBXBuildFile; fileRef = 6955434E2823C2140020D76A /* ScrumStore.swift */; };
		695543512823E3330020D76A /* ErrorWrapper.swift in Sources */ = {isa = PBXBuildFile; fileRef = 695543502823E3330020D76A /* ErrorWrapper.swift */; };
		695543532823E3F90020D76A /* ErrorView.swift in Sources */ = {isa = PBXBuildFile; fileRef = 695543522823E3F90020D76A /* ErrorView.swift */; };
		69554355282629ED0020D76A /* MeetingTimerView.swift in Sources */ = {isa = PBXBuildFile; fileRef = 69554354282629ED0020D76A /* MeetingTimerView.swift */; };
		6955435B28262E040020D76A /* SpeakerArc.swift in Sources */ = {isa = PBXBuildFile; fileRef = 6955435A28262E040020D76A /* SpeakerArc.swift */; };
		6955435E282641760020D76A /* SpeechRecognizer.swift in Sources */ = {isa = PBXBuildFile; fileRef = 6955435D282641760020D76A /* SpeechRecognizer.swift */; };
		69554360282647740020D76A /* HistoryView.swift in Sources */ = {isa = PBXBuildFile; fileRef = 6955435F282647740020D76A /* HistoryView.swift */; };
/* End PBXBuildFile section */

/* Begin PBXFileReference section */
		6955431A28226CF50020D76A /* Scrumdinger.app */ = {isa = PBXFileReference; explicitFileType = wrapper.application; includeInIndex = 0; path = Scrumdinger.app; sourceTree = BUILT_PRODUCTS_DIR; };
		6955431D28226CF50020D76A /* ScrumdingerApp.swift */ = {isa = PBXFileReference; lastKnownFileType = sourcecode.swift; path = ScrumdingerApp.swift; sourceTree = "<group>"; };
		6955431F28226CF50020D76A /* MeetingView.swift */ = {isa = PBXFileReference; lastKnownFileType = sourcecode.swift; path = MeetingView.swift; sourceTree = "<group>"; };
		6955432128226CF70020D76A /* Assets.xcassets */ = {isa = PBXFileReference; lastKnownFileType = folder.assetcatalog; path = Assets.xcassets; sourceTree = "<group>"; };
		6955432428226CF70020D76A /* Preview Assets.xcassets */ = {isa = PBXFileReference; lastKnownFileType = folder.assetcatalog; path = "Preview Assets.xcassets"; sourceTree = "<group>"; };
		6955432C282275700020D76A /* Themes.swift */ = {isa = PBXFileReference; lastKnownFileType = sourcecode.swift; path = Themes.swift; sourceTree = "<group>"; };
		6955432E2822768B0020D76A /* DailyScrum.swift */ = {isa = PBXFileReference; lastKnownFileType = sourcecode.swift; path = DailyScrum.swift; sourceTree = "<group>"; };
		695543302822777C0020D76A /* CardView.swift */ = {isa = PBXFileReference; lastKnownFileType = sourcecode.swift; path = CardView.swift; sourceTree = "<group>"; };
		6955433228227A7F0020D76A /* TrailingIconLabelStyle.swift */ = {isa = PBXFileReference; lastKnownFileType = sourcecode.swift; path = TrailingIconLabelStyle.swift; sourceTree = "<group>"; };
		6955433428227FB00020D76A /* ScrumsView.swift */ = {isa = PBXFileReference; lastKnownFileType = sourcecode.swift; path = ScrumsView.swift; sourceTree = "<group>"; };
		6955433628228CEA0020D76A /* DetailView.swift */ = {isa = PBXFileReference; lastKnownFileType = sourcecode.swift; path = DetailView.swift; sourceTree = "<group>"; };
		6955433828229FD60020D76A /* DetailEditView.swift */ = {isa = PBXFileReference; lastKnownFileType = sourcecode.swift; path = DetailEditView.swift; sourceTree = "<group>"; };
		6955433A2822ABD60020D76A /* ThemeView.swift */ = {isa = PBXFileReference; lastKnownFileType = sourcecode.swift; path = ThemeView.swift; sourceTree = "<group>"; };
		6955433C2822AE1A0020D76A /* ThemePicker.swift */ = {isa = PBXFileReference; lastKnownFileType = sourcecode.swift; path = ThemePicker.swift; sourceTree = "<group>"; };
		6955433E282394E20020D76A /* MeetingHeaderView.swift */ = {isa = PBXFileReference; lastKnownFileType = sourcecode.swift; path = MeetingHeaderView.swift; sourceTree = "<group>"; };
		69554340282398F10020D76A /* ScrumProgressViewStyle.swift */ = {isa = PBXFileReference; lastKnownFileType = sourcecode.swift; path = ScrumProgressViewStyle.swift; sourceTree = "<group>"; };
		6955434328239BC40020D76A /* ScrumTimer.swift */ = {isa = PBXFileReference; lastKnownFileType = sourcecode.swift; path = ScrumTimer.swift; sourceTree = "<group>"; };
		6955434528239F790020D76A /* MeetingFooterView.swift */ = {isa = PBXFileReference; lastKnownFileType = sourcecode.swift; path = MeetingFooterView.swift; sourceTree = "<group>"; };
		695543472823A4DE0020D76A /* AVPlayer+Ding.swift */ = {isa = PBXFileReference; lastKnownFileType = sourcecode.swift; path = "AVPlayer+Ding.swift"; sourceTree = "<group>"; };
		6955434A2823A6CE0020D76A /* ding.wav */ = {isa = PBXFileReference; lastKnownFileType = audio.wav; path = ding.wav; sourceTree = "<group>"; };
		6955434C2823AD000020D76A /* History.swift */ = {isa = PBXFileReference; lastKnownFileType = sourcecode.swift; path = History.swift; sourceTree = "<group>"; };
		6955434E2823C2140020D76A /* ScrumStore.swift */ = {isa = PBXFileReference; lastKnownFileType = sourcecode.swift; path = ScrumStore.swift; sourceTree = "<group>"; };
		695543502823E3330020D76A /* ErrorWrapper.swift */ = {isa = PBXFileReference; lastKnownFileType = sourcecode.swift; path = ErrorWrapper.swift; sourceTree = "<group>"; };
		695543522823E3F90020D76A /* ErrorView.swift */ = {isa = PBXFileReference; lastKnownFileType = sourcecode.swift; path = ErrorView.swift; sourceTree = "<group>"; };
		69554354282629ED0020D76A /* MeetingTimerView.swift */ = {isa = PBXFileReference; lastKnownFileType = sourcecode.swift; path = MeetingTimerView.swift; sourceTree = "<group>"; };
		6955435A28262E040020D76A /* SpeakerArc.swift */ = {isa = PBXFileReference; lastKnownFileType = sourcecode.swift; path = SpeakerArc.swift; sourceTree = "<group>"; };
		6955435C2826406B0020D76A /* Info.plist */ = {isa = PBXFileReference; lastKnownFileType = text.plist; path = Info.plist; sourceTree = "<group>"; };
		6955435D282641760020D76A /* SpeechRecognizer.swift */ = {isa = PBXFileReference; lastKnownFileType = sourcecode.swift; path = SpeechRecognizer.swift; sourceTree = "<group>"; };
		6955435F282647740020D76A /* HistoryView.swift */ = {isa = PBXFileReference; lastKnownFileType = sourcecode.swift; path = HistoryView.swift; sourceTree = "<group>"; };
/* End PBXFileReference section */

/* Begin PBXFrameworksBuildPhase section */
		6955431728226CF50020D76A /* Frameworks */ = {
			isa = PBXFrameworksBuildPhase;
			buildActionMask = 2147483647;
			files = (
			);
			runOnlyForDeploymentPostprocessing = 0;
		};
/* End PBXFrameworksBuildPhase section */

/* Begin PBXGroup section */
		6955431128226CF50020D76A = {
			isa = PBXGroup;
			children = (
				6955431C28226CF50020D76A /* Scrumdinger */,
				6955431B28226CF50020D76A /* Products */,
			);
			sourceTree = "<group>";
		};
		6955431B28226CF50020D76A /* Products */ = {
			isa = PBXGroup;
			children = (
				6955431A28226CF50020D76A /* Scrumdinger.app */,
			);
			name = Products;
			sourceTree = "<group>";
		};
		6955431C28226CF50020D76A /* Scrumdinger */ = {
			isa = PBXGroup;
			children = (
				6955435C2826406B0020D76A /* Info.plist */,
				6955431D28226CF50020D76A /* ScrumdingerApp.swift */,
				695543522823E3F90020D76A /* ErrorView.swift */,
				69554340282398F10020D76A /* ScrumProgressViewStyle.swift */,
				6955433228227A7F0020D76A /* TrailingIconLabelStyle.swift */,
				6955435628262C020020D76A /* UI */,
				695543492823A6A70020D76A /* Resources */,
				6955432B282275590020D76A /* Models */,
				6955432128226CF70020D76A /* Assets.xcassets */,
				6955432328226CF70020D76A /* Preview Content */,
			);
			path = Scrumdinger;
			sourceTree = "<group>";
		};
		6955432328226CF70020D76A /* Preview Content */ = {
			isa = PBXGroup;
			children = (
				6955432428226CF70020D76A /* Preview Assets.xcassets */,
			);
			path = "Preview Content";
			sourceTree = "<group>";
		};
		6955432B282275590020D76A /* Models */ = {
			isa = PBXGroup;
			children = (
				6955434328239BC40020D76A /* ScrumTimer.swift */,
				6955432C282275700020D76A /* Themes.swift */,
				6955432E2822768B0020D76A /* DailyScrum.swift */,
				695543472823A4DE0020D76A /* AVPlayer+Ding.swift */,
				6955434C2823AD000020D76A /* History.swift */,
				6955434E2823C2140020D76A /* ScrumStore.swift */,
				695543502823E3330020D76A /* ErrorWrapper.swift */,
				6955435D282641760020D76A /* SpeechRecognizer.swift */,
			);
			path = Models;
			sourceTree = "<group>";
		};
		695543492823A6A70020D76A /* Resources */ = {
			isa = PBXGroup;
			children = (
				6955434A2823A6CE0020D76A /* ding.wav */,
			);
			path = Resources;
			sourceTree = "<group>";
		};
		6955435628262C020020D76A /* UI */ = {
			isa = PBXGroup;
			children = (
				6955435928262D0A0020D76A /* Detail */,
				6955435828262C870020D76A /* ScrumList */,
				6955435728262C400020D76A /* Meeting */,
			);
			path = UI;
			sourceTree = "<group>";
		};
		6955435728262C400020D76A /* Meeting */ = {
			isa = PBXGroup;
			children = (
				6955431F28226CF50020D76A /* MeetingView.swift */,
				6955433E282394E20020D76A /* MeetingHeaderView.swift */,
				6955434528239F790020D76A /* MeetingFooterView.swift */,
				69554354282629ED0020D76A /* MeetingTimerView.swift */,
				6955435A28262E040020D76A /* SpeakerArc.swift */,
			);
			path = Meeting;
			sourceTree = "<group>";
		};
		6955435828262C870020D76A /* ScrumList */ = {
			isa = PBXGroup;
			children = (
				6955433428227FB00020D76A /* ScrumsView.swift */,
				695543302822777C0020D76A /* CardView.swift */,
			);
			path = ScrumList;
			sourceTree = "<group>";
		};
		6955435928262D0A0020D76A /* Detail */ = {
			isa = PBXGroup;
			children = (
				6955433828229FD60020D76A /* DetailEditView.swift */,
				6955433628228CEA0020D76A /* DetailView.swift */,
				6955433A2822ABD60020D76A /* ThemeView.swift */,
				6955433C2822AE1A0020D76A /* ThemePicker.swift */,
				6955435F282647740020D76A /* HistoryView.swift */,
			);
			path = Detail;
			sourceTree = "<group>";
		};
/* End PBXGroup section */

/* Begin PBXNativeTarget section */
		6955431928226CF50020D76A /* Scrumdinger */ = {
			isa = PBXNativeTarget;
			buildConfigurationList = 6955432828226CF70020D76A /* Build configuration list for PBXNativeTarget "Scrumdinger" */;
			buildPhases = (
				6955431628226CF50020D76A /* Sources */,
				6955431728226CF50020D76A /* Frameworks */,
				6955431828226CF50020D76A /* Resources */,
			);
			buildRules = (
			);
			dependencies = (
			);
			name = Scrumdinger;
			productName = Scrumdinger;
			productReference = 6955431A28226CF50020D76A /* Scrumdinger.app */;
			productType = "com.apple.product-type.application";
		};
/* End PBXNativeTarget section */

/* Begin PBXProject section */
		6955431228226CF50020D76A /* Project object */ = {
			isa = PBXProject;
			attributes = {
				BuildIndependentTargetsInParallel = 1;
				LastSwiftUpdateCheck = 1330;
				LastUpgradeCheck = 1330;
				TargetAttributes = {
					6955431928226CF50020D76A = {
						CreatedOnToolsVersion = 13.3.1;
					};
				};
			};
			buildConfigurationList = 6955431528226CF50020D76A /* Build configuration list for PBXProject "Scrumdinger" */;
			compatibilityVersion = "Xcode 13.0";
			developmentRegion = en;
			hasScannedForEncodings = 0;
			knownRegions = (
				en,
				Base,
			);
			mainGroup = 6955431128226CF50020D76A;
			productRefGroup = 6955431B28226CF50020D76A /* Products */;
			projectDirPath = "";
			projectRoot = "";
			targets = (
				6955431928226CF50020D76A /* Scrumdinger */,
			);
		};
/* End PBXProject section */

/* Begin PBXResourcesBuildPhase section */
		6955431828226CF50020D76A /* Resources */ = {
			isa = PBXResourcesBuildPhase;
			buildActionMask = 2147483647;
			files = (
				6955434B2823A6CE0020D76A /* ding.wav in Resources */,
				6955432528226CF70020D76A /* Preview Assets.xcassets in Resources */,
				6955432228226CF70020D76A /* Assets.xcassets in Resources */,
			);
			runOnlyForDeploymentPostprocessing = 0;
		};
/* End PBXResourcesBuildPhase section */

/* Begin PBXSourcesBuildPhase section */
		6955431628226CF50020D76A /* Sources */ = {
			isa = PBXSourcesBuildPhase;
			buildActionMask = 2147483647;
			files = (
				6955434D2823AD000020D76A /* History.swift in Sources */,
				69554360282647740020D76A /* HistoryView.swift in Sources */,
				6955433D2822AE1A0020D76A /* ThemePicker.swift in Sources */,
				69554341282398F10020D76A /* ScrumProgressViewStyle.swift in Sources */,
				6955434628239F790020D76A /* MeetingFooterView.swift in Sources */,
				6955434F2823C2140020D76A /* ScrumStore.swift in Sources */,
				6955434428239BC40020D76A /* ScrumTimer.swift in Sources */,
				6955432F2822768B0020D76A /* DailyScrum.swift in Sources */,
				6955433728228CEA0020D76A /* DetailView.swift in Sources */,
				6955433F282394E20020D76A /* MeetingHeaderView.swift in Sources */,
				69554355282629ED0020D76A /* MeetingTimerView.swift in Sources */,
				6955433928229FD60020D76A /* DetailEditView.swift in Sources */,
				695543512823E3330020D76A /* ErrorWrapper.swift in Sources */,
				6955433328227A7F0020D76A /* TrailingIconLabelStyle.swift in Sources */,
				6955432028226CF50020D76A /* MeetingView.swift in Sources */,
				6955433528227FB00020D76A /* ScrumsView.swift in Sources */,
				6955432D282275700020D76A /* Themes.swift in Sources */,
				6955435E282641760020D76A /* SpeechRecognizer.swift in Sources */,
				695543532823E3F90020D76A /* ErrorView.swift in Sources */,
				6955431E28226CF50020D76A /* ScrumdingerApp.swift in Sources */,
				6955433B2822ABD60020D76A /* ThemeView.swift in Sources */,
				695543312822777C0020D76A /* CardView.swift in Sources */,
				6955435B28262E040020D76A /* SpeakerArc.swift in Sources */,
				695543482823A4DE0020D76A /* AVPlayer+Ding.swift in Sources */,
			);
			runOnlyForDeploymentPostprocessing = 0;
		};
/* End PBXSourcesBuildPhase section */

/* Begin XCBuildConfiguration section */
		6955432628226CF70020D76A /* Debug */ = {
			isa = XCBuildConfiguration;
			buildSettings = {
				ALWAYS_SEARCH_USER_PATHS = NO;
				CLANG_ANALYZER_NONNULL = YES;
				CLANG_ANALYZER_NUMBER_OBJECT_CONVERSION = YES_AGGRESSIVE;
				CLANG_CXX_LANGUAGE_STANDARD = "gnu++17";
				CLANG_ENABLE_MODULES = YES;
				CLANG_ENABLE_OBJC_ARC = YES;
				CLANG_ENABLE_OBJC_WEAK = YES;
				CLANG_WARN_BLOCK_CAPTURE_AUTORELEASING = YES;
				CLANG_WARN_BOOL_CONVERSION = YES;
				CLANG_WARN_COMMA = YES;
				CLANG_WARN_CONSTANT_CONVERSION = YES;
				CLANG_WARN_DEPRECATED_OBJC_IMPLEMENTATIONS = YES;
				CLANG_WARN_DIRECT_OBJC_ISA_USAGE = YES_ERROR;
				CLANG_WARN_DOCUMENTATION_COMMENTS = YES;
				CLANG_WARN_EMPTY_BODY = YES;
				CLANG_WARN_ENUM_CONVERSION = YES;
				CLANG_WARN_INFINITE_RECURSION = YES;
				CLANG_WARN_INT_CONVERSION = YES;
				CLANG_WARN_NON_LITERAL_NULL_CONVERSION = YES;
				CLANG_WARN_OBJC_IMPLICIT_RETAIN_SELF = YES;
				CLANG_WARN_OBJC_LITERAL_CONVERSION = YES;
				CLANG_WARN_OBJC_ROOT_CLASS = YES_ERROR;
				CLANG_WARN_QUOTED_INCLUDE_IN_FRAMEWORK_HEADER = YES;
				CLANG_WARN_RANGE_LOOP_ANALYSIS = YES;
				CLANG_WARN_STRICT_PROTOTYPES = YES;
				CLANG_WARN_SUSPICIOUS_MOVE = YES;
				CLANG_WARN_UNGUARDED_AVAILABILITY = YES_AGGRESSIVE;
				CLANG_WARN_UNREACHABLE_CODE = YES;
				CLANG_WARN__DUPLICATE_METHOD_MATCH = YES;
				COPY_PHASE_STRIP = NO;
				DEBUG_INFORMATION_FORMAT = dwarf;
				ENABLE_STRICT_OBJC_MSGSEND = YES;
				ENABLE_TESTABILITY = YES;
				GCC_C_LANGUAGE_STANDARD = gnu11;
				GCC_DYNAMIC_NO_PIC = NO;
				GCC_NO_COMMON_BLOCKS = YES;
				GCC_OPTIMIZATION_LEVEL = 0;
				GCC_PREPROCESSOR_DEFINITIONS = (
					"DEBUG=1",
					"$(inherited)",
				);
				GCC_WARN_64_TO_32_BIT_CONVERSION = YES;
				GCC_WARN_ABOUT_RETURN_TYPE = YES_ERROR;
				GCC_WARN_UNDECLARED_SELECTOR = YES;
				GCC_WARN_UNINITIALIZED_AUTOS = YES_AGGRESSIVE;
				GCC_WARN_UNUSED_FUNCTION = YES;
				GCC_WARN_UNUSED_VARIABLE = YES;
				IPHONEOS_DEPLOYMENT_TARGET = 15.4;
				MTL_ENABLE_DEBUG_INFO = INCLUDE_SOURCE;
				MTL_FAST_MATH = YES;
				ONLY_ACTIVE_ARCH = YES;
				SDKROOT = iphoneos;
				SWIFT_ACTIVE_COMPILATION_CONDITIONS = DEBUG;
				SWIFT_OPTIMIZATION_LEVEL = "-Onone";
			};
			name = Debug;
		};
		6955432728226CF70020D76A /* Release */ = {
			isa = XCBuildConfiguration;
			buildSettings = {
				ALWAYS_SEARCH_USER_PATHS = NO;
				CLANG_ANALYZER_NONNULL = YES;
				CLANG_ANALYZER_NUMBER_OBJECT_CONVERSION = YES_AGGRESSIVE;
				CLANG_CXX_LANGUAGE_STANDARD = "gnu++17";
				CLANG_ENABLE_MODULES = YES;
				CLANG_ENABLE_OBJC_ARC = YES;
				CLANG_ENABLE_OBJC_WEAK = YES;
				CLANG_WARN_BLOCK_CAPTURE_AUTORELEASING = YES;
				CLANG_WARN_BOOL_CONVERSION = YES;
				CLANG_WARN_COMMA = YES;
				CLANG_WARN_CONSTANT_CONVERSION = YES;
				CLANG_WARN_DEPRECATED_OBJC_IMPLEMENTATIONS = YES;
				CLANG_WARN_DIRECT_OBJC_ISA_USAGE = YES_ERROR;
				CLANG_WARN_DOCUMENTATION_COMMENTS = YES;
				CLANG_WARN_EMPTY_BODY = YES;
				CLANG_WARN_ENUM_CONVERSION = YES;
				CLANG_WARN_INFINITE_RECURSION = YES;
				CLANG_WARN_INT_CONVERSION = YES;
				CLANG_WARN_NON_LITERAL_NULL_CONVERSION = YES;
				CLANG_WARN_OBJC_IMPLICIT_RETAIN_SELF = YES;
				CLANG_WARN_OBJC_LITERAL_CONVERSION = YES;
				CLANG_WARN_OBJC_ROOT_CLASS = YES_ERROR;
				CLANG_WARN_QUOTED_INCLUDE_IN_FRAMEWORK_HEADER = YES;
				CLANG_WARN_RANGE_LOOP_ANALYSIS = YES;
				CLANG_WARN_STRICT_PROTOTYPES = YES;
				CLANG_WARN_SUSPICIOUS_MOVE = YES;
				CLANG_WARN_UNGUARDED_AVAILABILITY = YES_AGGRESSIVE;
				CLANG_WARN_UNREACHABLE_CODE = YES;
				CLANG_WARN__DUPLICATE_METHOD_MATCH = YES;
				COPY_PHASE_STRIP = NO;
				DEBUG_INFORMATION_FORMAT = "dwarf-with-dsym";
				ENABLE_NS_ASSERTIONS = NO;
				ENABLE_STRICT_OBJC_MSGSEND = YES;
				GCC_C_LANGUAGE_STANDARD = gnu11;
				GCC_NO_COMMON_BLOCKS = YES;
				GCC_WARN_64_TO_32_BIT_CONVERSION = YES;
				GCC_WARN_ABOUT_RETURN_TYPE = YES_ERROR;
				GCC_WARN_UNDECLARED_SELECTOR = YES;
				GCC_WARN_UNINITIALIZED_AUTOS = YES_AGGRESSIVE;
				GCC_WARN_UNUSED_FUNCTION = YES;
				GCC_WARN_UNUSED_VARIABLE = YES;
				IPHONEOS_DEPLOYMENT_TARGET = 15.4;
				MTL_ENABLE_DEBUG_INFO = NO;
				MTL_FAST_MATH = YES;
				SDKROOT = iphoneos;
				SWIFT_COMPILATION_MODE = wholemodule;
				SWIFT_OPTIMIZATION_LEVEL = "-O";
				VALIDATE_PRODUCT = YES;
			};
			name = Release;
		};
		6955432928226CF70020D76A /* Debug */ = {
			isa = XCBuildConfiguration;
			buildSettings = {
				ASSETCATALOG_COMPILER_APPICON_NAME = AppIcon;
				ASSETCATALOG_COMPILER_GLOBAL_ACCENT_COLOR_NAME = AccentColor;
				CODE_SIGN_STYLE = Automatic;
				CURRENT_PROJECT_VERSION = 1;
				DEVELOPMENT_ASSET_PATHS = "\"Scrumdinger/Preview Content\"";
				ENABLE_PREVIEWS = YES;
				GENERATE_INFOPLIST_FILE = YES;
				INFOPLIST_FILE = Scrumdinger/Info.plist;
				INFOPLIST_KEY_NSMicrophoneUsageDescription = "Audio is recorded to transcribe the meeting. Audio recordings are discarded after transcription.";
				INFOPLIST_KEY_NSSpeechRecognitionUsageDescription = "You can view a text transcription of your meeting in the app.";
				INFOPLIST_KEY_UIApplicationSceneManifest_Generation = YES;
				INFOPLIST_KEY_UIApplicationSupportsIndirectInputEvents = YES;
				INFOPLIST_KEY_UILaunchScreen_Generation = YES;
				INFOPLIST_KEY_UISupportedInterfaceOrientations_iPad = "UIInterfaceOrientationPortrait UIInterfaceOrientationPortraitUpsideDown UIInterfaceOrientationLandscapeLeft UIInterfaceOrientationLandscapeRight";
				INFOPLIST_KEY_UISupportedInterfaceOrientations_iPhone = "UIInterfaceOrientationPortrait UIInterfaceOrientationLandscapeLeft UIInterfaceOrientationLandscapeRight";
				LD_RUNPATH_SEARCH_PATHS = (
					"$(inherited)",
					"@executable_path/Frameworks",
				);
				MARKETING_VERSION = 1.0;
				PRODUCT_BUNDLE_IDENTIFIER = learn.Scrumdinger;
				PRODUCT_NAME = "$(TARGET_NAME)";
				SWIFT_EMIT_LOC_STRINGS = YES;
				SWIFT_VERSION = 5.0;
				TARGETED_DEVICE_FAMILY = "1,2";
			};
			name = Debug;
		};
		6955432A28226CF70020D76A /* Release */ = {
			isa = XCBuildConfiguration;
			buildSettings = {
				ASSETCATALOG_COMPILER_APPICON_NAME = AppIcon;
				ASSETCATALOG_COMPILER_GLOBAL_ACCENT_COLOR_NAME = AccentColor;
				CODE_SIGN_STYLE = Automatic;
				CURRENT_PROJECT_VERSION = 1;
				DEVELOPMENT_ASSET_PATHS = "\"Scrumdinger/Preview Content\"";
				ENABLE_PREVIEWS = YES;
				GENERATE_INFOPLIST_FILE = YES;
				INFOPLIST_FILE = Scrumdinger/Info.plist;
				INFOPLIST_KEY_NSMicrophoneUsageDescription = "Audio is recorded to transcribe the meeting. Audio recordings are discarded after transcription.";
				INFOPLIST_KEY_NSSpeechRecognitionUsageDescription = "You can view a text transcription of your meeting in the app.";
				INFOPLIST_KEY_UIApplicationSceneManifest_Generation = YES;
				INFOPLIST_KEY_UIApplicationSupportsIndirectInputEvents = YES;
				INFOPLIST_KEY_UILaunchScreen_Generation = YES;
				INFOPLIST_KEY_UISupportedInterfaceOrientations_iPad = "UIInterfaceOrientationPortrait UIInterfaceOrientationPortraitUpsideDown UIInterfaceOrientationLandscapeLeft UIInterfaceOrientationLandscapeRight";
				INFOPLIST_KEY_UISupportedInterfaceOrientations_iPhone = "UIInterfaceOrientationPortrait UIInterfaceOrientationLandscapeLeft UIInterfaceOrientationLandscapeRight";
				LD_RUNPATH_SEARCH_PATHS = (
					"$(inherited)",
					"@executable_path/Frameworks",
				);
				MARKETING_VERSION = 1.0;
				PRODUCT_BUNDLE_IDENTIFIER = learn.Scrumdinger;
				PRODUCT_NAME = "$(TARGET_NAME)";
				SWIFT_EMIT_LOC_STRINGS = YES;
				SWIFT_VERSION = 5.0;
				TARGETED_DEVICE_FAMILY = "1,2";
			};
			name = Release;
		};
/* End XCBuildConfiguration section */

/* Begin XCConfigurationList section */
		6955431528226CF50020D76A /* Build configuration list for PBXProject "Scrumdinger" */ = {
			isa = XCConfigurationList;
			buildConfigurations = (
				6955432628226CF70020D76A /* Debug */,
				6955432728226CF70020D76A /* Release */,
			);
			defaultConfigurationIsVisible = 0;
			defaultConfigurationName = Release;
		};
		6955432828226CF70020D76A /* Build configuration list for PBXNativeTarget "Scrumdinger" */ = {
			isa = XCConfigurationList;
			buildConfigurations = (
				6955432928226CF70020D76A /* Debug */,
				6955432A28226CF70020D76A /* Release */,
			);
			defaultConfigurationIsVisible = 0;
			defaultConfigurationName = Release;
		};
/* End XCConfigurationList section */
	};
	rootObject = 6955431228226CF50020D76A /* Project object */;
}
